// !$*UTF8*$!
{
	archiveVersion = 1;
	classes = {
	};
	objectVersion = 50;
	objects = {

/* Begin PBXBuildFile section */
		042D72DF20E0D82E00566E19 /* AppDelegate.swift in Sources */ = {isa = PBXBuildFile; fileRef = 042D72DE20E0D82E00566E19 /* AppDelegate.swift */; };
		042D72E120E0D82E00566E19 /* ViewController.swift in Sources */ = {isa = PBXBuildFile; fileRef = 042D72E020E0D82E00566E19 /* ViewController.swift */; };
		042D72E420E0D82E00566E19 /* Main.storyboard in Resources */ = {isa = PBXBuildFile; fileRef = 042D72E220E0D82E00566E19 /* Main.storyboard */; };
		042D72E620E0D83000566E19 /* Assets.xcassets in Resources */ = {isa = PBXBuildFile; fileRef = 042D72E520E0D83000566E19 /* Assets.xcassets */; };
		042D72E920E0D83000566E19 /* LaunchScreen.storyboard in Resources */ = {isa = PBXBuildFile; fileRef = 042D72E720E0D83000566E19 /* LaunchScreen.storyboard */; };
		042D72F120E0D8EA00566E19 /* ParsingManager.swift in Sources */ = {isa = PBXBuildFile; fileRef = 042D72F020E0D8EA00566E19 /* ParsingManager.swift */; };
		042D72F320E0D8F500566E19 /* ParsingModel.swift in Sources */ = {isa = PBXBuildFile; fileRef = 042D72F220E0D8F500566E19 /* ParsingModel.swift */; };
		042D72F520E0D91300566E19 /* ParsingViewController.swift in Sources */ = {isa = PBXBuildFile; fileRef = 042D72F420E0D91300566E19 /* ParsingViewController.swift */; };
		042D72F720E0D92C00566E19 /* ParsingViewModel.swift in Sources */ = {isa = PBXBuildFile; fileRef = 042D72F620E0D92C00566E19 /* ParsingViewModel.swift */; };
		042D72F920E0D9AD00566E19 /* ParsingProtocol.swift in Sources */ = {isa = PBXBuildFile; fileRef = 042D72F820E0D9AD00566E19 /* ParsingProtocol.swift */; };
		7946079FC10292F100725AAF /* Pods_RxSwift_Gittrending.framework in Frameworks */ = {isa = PBXBuildFile; fileRef = FB77289E968DB42350835A2F /* Pods_RxSwift_Gittrending.framework */; };
/* End PBXBuildFile section */

/* Begin PBXFileReference section */
		042D72DB20E0D82E00566E19 /* RxSwift_Gittrending.app */ = {isa = PBXFileReference; explicitFileType = wrapper.application; includeInIndex = 0; path = RxSwift_Gittrending.app; sourceTree = BUILT_PRODUCTS_DIR; };
		042D72DE20E0D82E00566E19 /* AppDelegate.swift */ = {isa = PBXFileReference; lastKnownFileType = sourcecode.swift; path = AppDelegate.swift; sourceTree = "<group>"; };
		042D72E020E0D82E00566E19 /* ViewController.swift */ = {isa = PBXFileReference; lastKnownFileType = sourcecode.swift; path = ViewController.swift; sourceTree = "<group>"; };
		042D72E320E0D82E00566E19 /* Base */ = {isa = PBXFileReference; lastKnownFileType = file.storyboard; name = Base; path = Base.lproj/Main.storyboard; sourceTree = "<group>"; };
		042D72E520E0D83000566E19 /* Assets.xcassets */ = {isa = PBXFileReference; lastKnownFileType = folder.assetcatalog; path = Assets.xcassets; sourceTree = "<group>"; };
		042D72E820E0D83000566E19 /* Base */ = {isa = PBXFileReference; lastKnownFileType = file.storyboard; name = Base; path = Base.lproj/LaunchScreen.storyboard; sourceTree = "<group>"; };
		042D72EA20E0D83000566E19 /* Info.plist */ = {isa = PBXFileReference; lastKnownFileType = text.plist.xml; path = Info.plist; sourceTree = "<group>"; };
		042D72F020E0D8EA00566E19 /* ParsingManager.swift */ = {isa = PBXFileReference; lastKnownFileType = sourcecode.swift; path = ParsingManager.swift; sourceTree = "<group>"; };
		042D72F220E0D8F500566E19 /* ParsingModel.swift */ = {isa = PBXFileReference; lastKnownFileType = sourcecode.swift; path = ParsingModel.swift; sourceTree = "<group>"; };
		042D72F420E0D91300566E19 /* ParsingViewController.swift */ = {isa = PBXFileReference; lastKnownFileType = sourcecode.swift; path = ParsingViewController.swift; sourceTree = "<group>"; };
		042D72F620E0D92C00566E19 /* ParsingViewModel.swift */ = {isa = PBXFileReference; lastKnownFileType = sourcecode.swift; path = ParsingViewModel.swift; sourceTree = "<group>"; };
		042D72F820E0D9AD00566E19 /* ParsingProtocol.swift */ = {isa = PBXFileReference; lastKnownFileType = sourcecode.swift; path = ParsingProtocol.swift; sourceTree = "<group>"; };
		0BE96CDD6F95791CDC6E1133 /* Pods-RxSwift_Gittrending.release.xcconfig */ = {isa = PBXFileReference; includeInIndex = 1; lastKnownFileType = text.xcconfig; name = "Pods-RxSwift_Gittrending.release.xcconfig"; path = "Pods/Target Support Files/Pods-RxSwift_Gittrending/Pods-RxSwift_Gittrending.release.xcconfig"; sourceTree = "<group>"; };
		D2046C912DDFD9B8EC99F249 /* Pods-RxSwift_Gittrending.debug.xcconfig */ = {isa = PBXFileReference; includeInIndex = 1; lastKnownFileType = text.xcconfig; name = "Pods-RxSwift_Gittrending.debug.xcconfig"; path = "Pods/Target Support Files/Pods-RxSwift_Gittrending/Pods-RxSwift_Gittrending.debug.xcconfig"; sourceTree = "<group>"; };
		FB77289E968DB42350835A2F /* Pods_RxSwift_Gittrending.framework */ = {isa = PBXFileReference; explicitFileType = wrapper.framework; includeInIndex = 0; path = Pods_RxSwift_Gittrending.framework; sourceTree = BUILT_PRODUCTS_DIR; };
/* End PBXFileReference section */

/* Begin PBXFrameworksBuildPhase section */
		042D72D820E0D82E00566E19 /* Frameworks */ = {
			isa = PBXFrameworksBuildPhase;
			buildActionMask = 2147483647;
			files = (
				7946079FC10292F100725AAF /* Pods_RxSwift_Gittrending.framework in Frameworks */,
			);
			runOnlyForDeploymentPostprocessing = 0;
		};
/* End PBXFrameworksBuildPhase section */

/* Begin PBXGroup section */
		042D72D220E0D82E00566E19 = {
			isa = PBXGroup;
			children = (
				042D72DD20E0D82E00566E19 /* RxSwift_Gittrending */,
				042D72DC20E0D82E00566E19 /* Products */,
				118FB9D69CCF0E661537D68A /* Pods */,
				BB10A76000DA145B9B253B4C /* Frameworks */,
			);
			sourceTree = "<group>";
		};
		042D72DC20E0D82E00566E19 /* Products */ = {
			isa = PBXGroup;
			children = (
				042D72DB20E0D82E00566E19 /* RxSwift_Gittrending.app */,
			);
			name = Products;
			sourceTree = "<group>";
		};
		042D72DD20E0D82E00566E19 /* RxSwift_Gittrending */ = {
			isa = PBXGroup;
			children = (
				042D72DE20E0D82E00566E19 /* AppDelegate.swift */,
				042D72E020E0D82E00566E19 /* ViewController.swift */,
				042D72F820E0D9AD00566E19 /* ParsingProtocol.swift */,
				042D72F420E0D91300566E19 /* ParsingViewController.swift */,
				042D72F620E0D92C00566E19 /* ParsingViewModel.swift */,
				042D72F020E0D8EA00566E19 /* ParsingManager.swift */,
				042D72F220E0D8F500566E19 /* ParsingModel.swift */,
				042D72E220E0D82E00566E19 /* Main.storyboard */,
				042D72E520E0D83000566E19 /* Assets.xcassets */,
				042D72E720E0D83000566E19 /* LaunchScreen.storyboard */,
				042D72EA20E0D83000566E19 /* Info.plist */,
			);
			path = RxSwift_Gittrending;
			sourceTree = "<group>";
		};
		118FB9D69CCF0E661537D68A /* Pods */ = {
			isa = PBXGroup;
			children = (
				D2046C912DDFD9B8EC99F249 /* Pods-RxSwift_Gittrending.debug.xcconfig */,
				0BE96CDD6F95791CDC6E1133 /* Pods-RxSwift_Gittrending.release.xcconfig */,
			);
			name = Pods;
			sourceTree = "<group>";
		};
		BB10A76000DA145B9B253B4C /* Frameworks */ = {
			isa = PBXGroup;
			children = (
				FB77289E968DB42350835A2F /* Pods_RxSwift_Gittrending.framework */,
			);
			name = Frameworks;
			sourceTree = "<group>";
		};
/* End PBXGroup section */

/* Begin PBXNativeTarget section */
		042D72DA20E0D82E00566E19 /* RxSwift_Gittrending */ = {
			isa = PBXNativeTarget;
			buildConfigurationList = 042D72ED20E0D83100566E19 /* Build configuration list for PBXNativeTarget "RxSwift_Gittrending" */;
			buildPhases = (
				6650490D7F90F4E4F75F34BC /* [CP] Check Pods Manifest.lock */,
				042D72D720E0D82E00566E19 /* Sources */,
				042D72D820E0D82E00566E19 /* Frameworks */,
				042D72D920E0D82E00566E19 /* Resources */,
				64DC94790A04848B1F01573D /* [CP] Embed Pods Frameworks */,
			);
			buildRules = (
			);
			dependencies = (
			);
			name = RxSwift_Gittrending;
			productName = RxSwift_Gittrending;
			productReference = 042D72DB20E0D82E00566E19 /* RxSwift_Gittrending.app */;
			productType = "com.apple.product-type.application";
		};
/* End PBXNativeTarget section */

/* Begin PBXProject section */
		042D72D320E0D82E00566E19 /* Project object */ = {
			isa = PBXProject;
			attributes = {
				LastSwiftUpdateCheck = 0930;
				LastUpgradeCheck = 0930;
				ORGANIZATIONNAME = swift;
				TargetAttributes = {
					042D72DA20E0D82E00566E19 = {
						CreatedOnToolsVersion = 9.3;
					};
				};
			};
			buildConfigurationList = 042D72D620E0D82E00566E19 /* Build configuration list for PBXProject "RxSwift_Gittrending" */;
			compatibilityVersion = "Xcode 9.3";
			developmentRegion = en;
			hasScannedForEncodings = 0;
			knownRegions = (
				en,
				Base,
			);
			mainGroup = 042D72D220E0D82E00566E19;
			productRefGroup = 042D72DC20E0D82E00566E19 /* Products */;
			projectDirPath = "";
			projectRoot = "";
			targets = (
				042D72DA20E0D82E00566E19 /* RxSwift_Gittrending */,
			);
		};
/* End PBXProject section */

/* Begin PBXResourcesBuildPhase section */
		042D72D920E0D82E00566E19 /* Resources */ = {
			isa = PBXResourcesBuildPhase;
			buildActionMask = 2147483647;
			files = (
				042D72E920E0D83000566E19 /* LaunchScreen.storyboard in Resources */,
				042D72E620E0D83000566E19 /* Assets.xcassets in Resources */,
				042D72E420E0D82E00566E19 /* Main.storyboard in Resources */,
			);
			runOnlyForDeploymentPostprocessing = 0;
		};
/* End PBXResourcesBuildPhase section */

/* Begin PBXShellScriptBuildPhase section */
		64DC94790A04848B1F01573D /* [CP] Embed Pods Frameworks */ = {
			isa = PBXShellScriptBuildPhase;
			buildActionMask = 2147483647;
			files = (
			);
			inputPaths = (
				"${SRCROOT}/Pods/Target Support Files/Pods-RxSwift_Gittrending/Pods-RxSwift_Gittrending-frameworks.sh",
				"${BUILT_PRODUCTS_DIR}/Alamofire/Alamofire.framework",
				"${BUILT_PRODUCTS_DIR}/DropDown/DropDown.framework",
				"${BUILT_PRODUCTS_DIR}/Kanna/Kanna.framework",
				"${BUILT_PRODUCTS_DIR}/RxAlamofire/RxAlamofire.framework",
				"${BUILT_PRODUCTS_DIR}/RxCocoa/RxCocoa.framework",
				"${BUILT_PRODUCTS_DIR}/RxSwift/RxSwift.framework",
			);
			name = "[CP] Embed Pods Frameworks";
			outputPaths = (
				"${TARGET_BUILD_DIR}/${FRAMEWORKS_FOLDER_PATH}/Alamofire.framework",
				"${TARGET_BUILD_DIR}/${FRAMEWORKS_FOLDER_PATH}/DropDown.framework",
				"${TARGET_BUILD_DIR}/${FRAMEWORKS_FOLDER_PATH}/Kanna.framework",
				"${TARGET_BUILD_DIR}/${FRAMEWORKS_FOLDER_PATH}/RxAlamofire.framework",
				"${TARGET_BUILD_DIR}/${FRAMEWORKS_FOLDER_PATH}/RxCocoa.framework",
				"${TARGET_BUILD_DIR}/${FRAMEWORKS_FOLDER_PATH}/RxSwift.framework",
			);
			runOnlyForDeploymentPostprocessing = 0;
			shellPath = /bin/sh;
			shellScript = "\"${SRCROOT}/Pods/Target Support Files/Pods-RxSwift_Gittrending/Pods-RxSwift_Gittrending-frameworks.sh\"\n";
			showEnvVarsInLog = 0;
		};
		6650490D7F90F4E4F75F34BC /* [CP] Check Pods Manifest.lock */ = {
			isa = PBXShellScriptBuildPhase;
			buildActionMask = 2147483647;
			files = (
			);
			inputPaths = (
				"${PODS_PODFILE_DIR_PATH}/Podfile.lock",
				"${PODS_ROOT}/Manifest.lock",
			);
			name = "[CP] Check Pods Manifest.lock";
			outputPaths = (
				"$(DERIVED_FILE_DIR)/Pods-RxSwift_Gittrending-checkManifestLockResult.txt",
			);
			runOnlyForDeploymentPostprocessing = 0;
			shellPath = /bin/sh;
			shellScript = "diff \"${PODS_PODFILE_DIR_PATH}/Podfile.lock\" \"${PODS_ROOT}/Manifest.lock\" > /dev/null\nif [ $? != 0 ] ; then\n    # print error to STDERR\n    echo \"error: The sandbox is not in sync with the Podfile.lock. Run 'pod install' or update your CocoaPods installation.\" >&2\n    exit 1\nfi\n# This output is used by Xcode 'outputs' to avoid re-running this script phase.\necho \"SUCCESS\" > \"${SCRIPT_OUTPUT_FILE_0}\"\n";
			showEnvVarsInLog = 0;
		};
/* End PBXShellScriptBuildPhase section */

/* Begin PBXSourcesBuildPhase section */
		042D72D720E0D82E00566E19 /* Sources */ = {
			isa = PBXSourcesBuildPhase;
			buildActionMask = 2147483647;
			files = (
				042D72F520E0D91300566E19 /* ParsingViewController.swift in Sources */,
				042D72F120E0D8EA00566E19 /* ParsingManager.swift in Sources */,
				042D72F920E0D9AD00566E19 /* ParsingProtocol.swift in Sources */,
				042D72E120E0D82E00566E19 /* ViewController.swift in Sources */,
				042D72F720E0D92C00566E19 /* ParsingViewModel.swift in Sources */,
				042D72F320E0D8F500566E19 /* ParsingModel.swift in Sources */,
				042D72DF20E0D82E00566E19 /* AppDelegate.swift in Sources */,
			);
			runOnlyForDeploymentPostprocessing = 0;
		};
/* End PBXSourcesBuildPhase section */

/* Begin PBXVariantGroup section */
		042D72E220E0D82E00566E19 /* Main.storyboard */ = {
			isa = PBXVariantGroup;
			children = (
				042D72E320E0D82E00566E19 /* Base */,
			);
			name = Main.storyboard;
			sourceTree = "<group>";
		};
		042D72E720E0D83000566E19 /* LaunchScreen.storyboard */ = {
			isa = PBXVariantGroup;
			children = (
				042D72E820E0D83000566E19 /* Base */,
			);
			name = LaunchScreen.storyboard;
			sourceTree = "<group>";
		};
/* End PBXVariantGroup section */

/* Begin XCBuildConfiguration section */
		042D72EB20E0D83100566E19 /* Debug */ = {
			isa = XCBuildConfiguration;
			buildSettings = {
				ALWAYS_SEARCH_USER_PATHS = NO;
				CLANG_ANALYZER_NONNULL = YES;
				CLANG_ANALYZER_NUMBER_OBJECT_CONVERSION = YES_AGGRESSIVE;
				CLANG_CXX_LANGUAGE_STANDARD = "gnu++14";
				CLANG_CXX_LIBRARY = "libc++";
				CLANG_ENABLE_MODULES = YES;
				CLANG_ENABLE_OBJC_ARC = YES;
				CLANG_ENABLE_OBJC_WEAK = YES;
				CLANG_WARN_BLOCK_CAPTURE_AUTORELEASING = YES;
				CLANG_WARN_BOOL_CONVERSION = YES;
				CLANG_WARN_COMMA = YES;
				CLANG_WARN_CONSTANT_CONVERSION = YES;
				CLANG_WARN_DEPRECATED_OBJC_IMPLEMENTATIONS = YES;
				CLANG_WARN_DIRECT_OBJC_ISA_USAGE = YES_ERROR;
				CLANG_WARN_DOCUMENTATION_COMMENTS = YES;
				CLANG_WARN_EMPTY_BODY = YES;
				CLANG_WARN_ENUM_CONVERSION = YES;
				CLANG_WARN_INFINITE_RECURSION = YES;
				CLANG_WARN_INT_CONVERSION = YES;
				CLANG_WARN_NON_LITERAL_NULL_CONVERSION = YES;
				CLANG_WARN_OBJC_IMPLICIT_RETAIN_SELF = YES;
				CLANG_WARN_OBJC_LITERAL_CONVERSION = YES;
				CLANG_WARN_OBJC_ROOT_CLASS = YES_ERROR;
				CLANG_WARN_RANGE_LOOP_ANALYSIS = YES;
				CLANG_WARN_STRICT_PROTOTYPES = YES;
				CLANG_WARN_SUSPICIOUS_MOVE = YES;
				CLANG_WARN_UNGUARDED_AVAILABILITY = YES_AGGRESSIVE;
				CLANG_WARN_UNREACHABLE_CODE = YES;
				CLANG_WARN__DUPLICATE_METHOD_MATCH = YES;
				CODE_SIGN_IDENTITY = "iPhone Developer";
				COPY_PHASE_STRIP = NO;
				DEBUG_INFORMATION_FORMAT = dwarf;
				ENABLE_STRICT_OBJC_MSGSEND = YES;
				ENABLE_TESTABILITY = YES;
				GCC_C_LANGUAGE_STANDARD = gnu11;
				GCC_DYNAMIC_NO_PIC = NO;
				GCC_NO_COMMON_BLOCKS = YES;
				GCC_OPTIMIZATION_LEVEL = 0;
				GCC_PREPROCESSOR_DEFINITIONS = (
					"DEBUG=1",
					"$(inherited)",
				);
				GCC_WARN_64_TO_32_BIT_CONVERSION = YES;
				GCC_WARN_ABOUT_RETURN_TYPE = YES_ERROR;
				GCC_WARN_UNDECLARED_SELECTOR = YES;
				GCC_WARN_UNINITIALIZED_AUTOS = YES_AGGRESSIVE;
				GCC_WARN_UNUSED_FUNCTION = YES;
				GCC_WARN_UNUSED_VARIABLE = YES;
				IPHONEOS_DEPLOYMENT_TARGET = 11.3;
				MTL_ENABLE_DEBUG_INFO = YES;
				ONLY_ACTIVE_ARCH = YES;
				SDKROOT = iphoneos;
				SWIFT_ACTIVE_COMPILATION_CONDITIONS = DEBUG;
				SWIFT_OPTIMIZATION_LEVEL = "-Onone";
			};
			name = Debug;
		};
		042D72EC20E0D83100566E19 /* Release */ = {
			isa = XCBuildConfiguration;
			buildSettings = {
				ALWAYS_SEARCH_USER_PATHS = NO;
				CLANG_ANALYZER_NONNULL = YES;
				CLANG_ANALYZER_NUMBER_OBJECT_CONVERSION = YES_AGGRESSIVE;
				CLANG_CXX_LANGUAGE_STANDARD = "gnu++14";
				CLANG_CXX_LIBRARY = "libc++";
				CLANG_ENABLE_MODULES = YES;
				CLANG_ENABLE_OBJC_ARC = YES;
				CLANG_ENABLE_OBJC_WEAK = YES;
				CLANG_WARN_BLOCK_CAPTURE_AUTORELEASING = YES;
				CLANG_WARN_BOOL_CONVERSION = YES;
				CLANG_WARN_COMMA = YES;
				CLANG_WARN_CONSTANT_CONVERSION = YES;
				CLANG_WARN_DEPRECATED_OBJC_IMPLEMENTATIONS = YES;
				CLANG_WARN_DIRECT_OBJC_ISA_USAGE = YES_ERROR;
				CLANG_WARN_DOCUMENTATION_COMMENTS = YES;
				CLANG_WARN_EMPTY_BODY = YES;
				CLANG_WARN_ENUM_CONVERSION = YES;
				CLANG_WARN_INFINITE_RECURSION = YES;
				CLANG_WARN_INT_CONVERSION = YES;
				CLANG_WARN_NON_LITERAL_NULL_CONVERSION = YES;
				CLANG_WARN_OBJC_IMPLICIT_RETAIN_SELF = YES;
				CLANG_WARN_OBJC_LITERAL_CONVERSION = YES;
				CLANG_WARN_OBJC_ROOT_CLASS = YES_ERROR;
				CLANG_WARN_RANGE_LOOP_ANALYSIS = YES;
				CLANG_WARN_STRICT_PROTOTYPES = YES;
				CLANG_WARN_SUSPICIOUS_MOVE = YES;
				CLANG_WARN_UNGUARDED_AVAILABILITY = YES_AGGRESSIVE;
				CLANG_WARN_UNREACHABLE_CODE = YES;
				CLANG_WARN__DUPLICATE_METHOD_MATCH = YES;
				CODE_SIGN_IDENTITY = "iPhone Developer";
				COPY_PHASE_STRIP = NO;
				DEBUG_INFORMATION_FORMAT = "dwarf-with-dsym";
				ENABLE_NS_ASSERTIONS = NO;
				ENABLE_STRICT_OBJC_MSGSEND = YES;
				GCC_C_LANGUAGE_STANDARD = gnu11;
				GCC_NO_COMMON_BLOCKS = YES;
				GCC_WARN_64_TO_32_BIT_CONVERSION = YES;
				GCC_WARN_ABOUT_RETURN_TYPE = YES_ERROR;
				GCC_WARN_UNDECLARED_SELECTOR = YES;
				GCC_WARN_UNINITIALIZED_AUTOS = YES_AGGRESSIVE;
				GCC_WARN_UNUSED_FUNCTION = YES;
				GCC_WARN_UNUSED_VARIABLE = YES;
				IPHONEOS_DEPLOYMENT_TARGET = 11.3;
				MTL_ENABLE_DEBUG_INFO = NO;
				SDKROOT = iphoneos;
				SWIFT_COMPILATION_MODE = wholemodule;
				SWIFT_OPTIMIZATION_LEVEL = "-O";
				VALIDATE_PRODUCT = YES;
			};
			name = Release;
		};
		042D72EE20E0D83100566E19 /* Debug */ = {
			isa = XCBuildConfiguration;
			baseConfigurationReference = D2046C912DDFD9B8EC99F249 /* Pods-RxSwift_Gittrending.debug.xcconfig */;
			buildSettings = {
				ASSETCATALOG_COMPILER_APPICON_NAME = AppIcon;
				CODE_SIGN_STYLE = Automatic;
				DEVELOPMENT_TEAM = UPVNKF4986;
				INFOPLIST_FILE = RxSwift_Gittrending/Info.plist;
				LD_RUNPATH_SEARCH_PATHS = (
					"$(inherited)",
					"@executable_path/Frameworks",
				);
				PRODUCT_BUNDLE_IDENTIFIER = "com.swift.RxSwift-Gittrending";
				PRODUCT_NAME = "$(TARGET_NAME)";
				SWIFT_VERSION = 4.0;
				TARGETED_DEVICE_FAMILY = "1,2";
			};
			name = Debug;
		};
		042D72EF20E0D83100566E19 /* Release */ = {
			isa = XCBuildConfiguration;
			baseConfigurationReference = 0BE96CDD6F95791CDC6E1133 /* Pods-RxSwift_Gittrending.release.xcconfig */;
			buildSettings = {
				ASSETCATALOG_COMPILER_APPICON_NAME = AppIcon;
				CODE_SIGN_STYLE = Automatic;
				DEVELOPMENT_TEAM = UPVNKF4986;
				INFOPLIST_FILE = RxSwift_Gittrending/Info.plist;
				LD_RUNPATH_SEARCH_PATHS = (
					"$(inherited)",
					"@executable_path/Frameworks",
				);
				PRODUCT_BUNDLE_IDENTIFIER = "com.swift.RxSwift-Gittrending";
				PRODUCT_NAME = "$(TARGET_NAME)";
				SWIFT_VERSION = 4.0;
				TARGETED_DEVICE_FAMILY = "1,2";
			};
			name = Release;
		};
/* End XCBuildConfiguration section */

/* Begin XCConfigurationList section */
		042D72D620E0D82E00566E19 /* Build configuration list for PBXProject "RxSwift_Gittrending" */ = {
			isa = XCConfigurationList;
			buildConfigurations = (
				042D72EB20E0D83100566E19 /* Debug */,
				042D72EC20E0D83100566E19 /* Release */,
			);
			defaultConfigurationIsVisible = 0;
			defaultConfigurationName = Release;
		};
		042D72ED20E0D83100566E19 /* Build configuration list for PBXNativeTarget "RxSwift_Gittrending" */ = {
			isa = XCConfigurationList;
			buildConfigurations = (
				042D72EE20E0D83100566E19 /* Debug */,
				042D72EF20E0D83100566E19 /* Release */,
			);
			defaultConfigurationIsVisible = 0;
			defaultConfigurationName = Release;
		};
/* End XCConfigurationList section */
	};
	rootObject = 042D72D320E0D82E00566E19 /* Project object */;
}
